
Microsoft Visual Studio Solution File, Format Version 12.00
# Visual Studio 2012
Project("{FAE04EC0-301F-11D3-BF4B-00C04F79EFBC}") = "Constellation.Sitecore.Presentation", "Constellation.Sitecore.Presentation.csproj", "{DEA50B32-8A49-4CA0-BFF2-98D58D95640C}"
EndProject
Global
	GlobalSection(SolutionConfigurationPlatforms) = preSolution
		Debug|Any CPU = Debug|Any CPU
		Release|Any CPU = Release|Any CPU
	EndGlobalSection
	GlobalSection(ProjectConfigurationPlatforms) = postSolution
		{DEA50B32-8A49-4CA0-BFF2-98D58D95640C}.Debug|Any CPU.ActiveCfg = Debug|Any CPU
		{DEA50B32-8A49-4CA0-BFF2-98D58D95640C}.Debug|Any CPU.Build.0 = Debug|Any CPU
		{DEA50B32-8A49-4CA0-BFF2-98D58D95640C}.Release|Any CPU.ActiveCfg = Release|Any CPU
		{DEA50B32-8A49-4CA0-BFF2-98D58D95640C}.Release|Any CPU.Build.0 = Release|Any CPU
	EndGlobalSection
	GlobalSection(SolutionProperties) = preSolution
		HideSolutionNode = FALSE
	EndGlobalSection
EndGlobal
